// !$*UTF8*$!
{
	archiveVersion = 1;
	classes = {
	};
	objectVersion = 46;
	objects = {

/* Begin PBXBuildFile section */
		2E0180721C736F4700DF422E /* AppDelegate.swift in Sources */ = {isa = PBXBuildFile; fileRef = 2E0180711C736F4700DF422E /* AppDelegate.swift */; };
		2E0180741C736F4700DF422E /* ViewController.swift in Sources */ = {isa = PBXBuildFile; fileRef = 2E0180731C736F4700DF422E /* ViewController.swift */; };
		2E0180771C736F4700DF422E /* Main.storyboard in Resources */ = {isa = PBXBuildFile; fileRef = 2E0180751C736F4700DF422E /* Main.storyboard */; };
		2E01807A1C736F4700DF422E /* Dog_Walk.xcdatamodeld in Sources */ = {isa = PBXBuildFile; fileRef = 2E0180781C736F4700DF422E /* Dog_Walk.xcdatamodeld */; };
		2E01807C1C736F4700DF422E /* Assets.xcassets in Resources */ = {isa = PBXBuildFile; fileRef = 2E01807B1C736F4700DF422E /* Assets.xcassets */; };
		2E01807F1C736F4700DF422E /* LaunchScreen.storyboard in Resources */ = {isa = PBXBuildFile; fileRef = 2E01807D1C736F4700DF422E /* LaunchScreen.storyboard */; };
		2E6D1B2A1C74B90C001315B5 /* CoreDataStack.swift in Sources */ = {isa = PBXBuildFile; fileRef = 2E6D1B291C74B90C001315B5 /* CoreDataStack.swift */; };
		2E6D1B2D1C74C13D001315B5 /* Dog+CoreDataProperties.swift in Sources */ = {isa = PBXBuildFile; fileRef = 2E6D1B2B1C74C13D001315B5 /* Dog+CoreDataProperties.swift */; };
		2E6D1B2E1C74C13D001315B5 /* Dog.swift in Sources */ = {isa = PBXBuildFile; fileRef = 2E6D1B2C1C74C13D001315B5 /* Dog.swift */; };
		2E6D1B311C74C14C001315B5 /* Walk+CoreDataProperties.swift in Sources */ = {isa = PBXBuildFile; fileRef = 2E6D1B2F1C74C14C001315B5 /* Walk+CoreDataProperties.swift */; };
		2E6D1B321C74C14C001315B5 /* Walk.swift in Sources */ = {isa = PBXBuildFile; fileRef = 2E6D1B301C74C14C001315B5 /* Walk.swift */; };
/* End PBXBuildFile section */

/* Begin PBXFileReference section */
		2E01806E1C736F4700DF422E /* Dog_Walk.app */ = {isa = PBXFileReference; explicitFileType = wrapper.application; includeInIndex = 0; path = Dog_Walk.app; sourceTree = BUILT_PRODUCTS_DIR; };
		2E0180711C736F4700DF422E /* AppDelegate.swift */ = {isa = PBXFileReference; lastKnownFileType = sourcecode.swift; path = AppDelegate.swift; sourceTree = "<group>"; };
		2E0180731C736F4700DF422E /* ViewController.swift */ = {isa = PBXFileReference; lastKnownFileType = sourcecode.swift; path = ViewController.swift; sourceTree = "<group>"; };
		2E0180761C736F4700DF422E /* Base */ = {isa = PBXFileReference; lastKnownFileType = file.storyboard; name = Base; path = Base.lproj/Main.storyboard; sourceTree = "<group>"; };
		2E0180791C736F4700DF422E /* Dog_Walk.xcdatamodel */ = {isa = PBXFileReference; lastKnownFileType = wrapper.xcdatamodel; path = Dog_Walk.xcdatamodel; sourceTree = "<group>"; };
		2E01807B1C736F4700DF422E /* Assets.xcassets */ = {isa = PBXFileReference; lastKnownFileType = folder.assetcatalog; path = Assets.xcassets; sourceTree = "<group>"; };
		2E01807E1C736F4700DF422E /* Base */ = {isa = PBXFileReference; lastKnownFileType = file.storyboard; name = Base; path = Base.lproj/LaunchScreen.storyboard; sourceTree = "<group>"; };
		2E0180801C736F4700DF422E /* Info.plist */ = {isa = PBXFileReference; lastKnownFileType = text.plist.xml; path = Info.plist; sourceTree = "<group>"; };
		2E6D1B291C74B90C001315B5 /* CoreDataStack.swift */ = {isa = PBXFileReference; fileEncoding = 4; lastKnownFileType = sourcecode.swift; path = CoreDataStack.swift; sourceTree = "<group>"; };
		2E6D1B2B1C74C13D001315B5 /* Dog+CoreDataProperties.swift */ = {isa = PBXFileReference; fileEncoding = 4; lastKnownFileType = sourcecode.swift; path = "Dog+CoreDataProperties.swift"; sourceTree = "<group>"; };
		2E6D1B2C1C74C13D001315B5 /* Dog.swift */ = {isa = PBXFileReference; fileEncoding = 4; lastKnownFileType = sourcecode.swift; path = Dog.swift; sourceTree = "<group>"; };
		2E6D1B2F1C74C14C001315B5 /* Walk+CoreDataProperties.swift */ = {isa = PBXFileReference; fileEncoding = 4; lastKnownFileType = sourcecode.swift; path = "Walk+CoreDataProperties.swift"; sourceTree = "<group>"; };
		2E6D1B301C74C14C001315B5 /* Walk.swift */ = {isa = PBXFileReference; fileEncoding = 4; lastKnownFileType = sourcecode.swift; path = Walk.swift; sourceTree = "<group>"; };
/* End PBXFileReference section */

/* Begin PBXFrameworksBuildPhase section */
		2E01806B1C736F4700DF422E /* Frameworks */ = {
			isa = PBXFrameworksBuildPhase;
			buildActionMask = 2147483647;
			files = (
			);
			runOnlyForDeploymentPostprocessing = 0;
		};
/* End PBXFrameworksBuildPhase section */

/* Begin PBXGroup section */
		2E0180651C736F4700DF422E = {
			isa = PBXGroup;
			children = (
				2E6D1B2F1C74C14C001315B5 /* Walk+CoreDataProperties.swift */,
				2E6D1B301C74C14C001315B5 /* Walk.swift */,
				2E6D1B2B1C74C13D001315B5 /* Dog+CoreDataProperties.swift */,
				2E6D1B2C1C74C13D001315B5 /* Dog.swift */,
				2E0180701C736F4700DF422E /* Dog_Walk */,
				2E01806F1C736F4700DF422E /* Products */,
			);
			sourceTree = "<group>";
		};
		2E01806F1C736F4700DF422E /* Products */ = {
			isa = PBXGroup;
			children = (
				2E01806E1C736F4700DF422E /* Dog_Walk.app */,
			);
			name = Products;
			sourceTree = "<group>";
		};
		2E0180701C736F4700DF422E /* Dog_Walk */ = {
			isa = PBXGroup;
			children = (
				2E6D1B331C74C17D001315B5 /* Controller */,
				2E6D1B291C74B90C001315B5 /* CoreDataStack.swift */,
				2E0180711C736F4700DF422E /* AppDelegate.swift */,
				2E0180751C736F4700DF422E /* Main.storyboard */,
				2E01807B1C736F4700DF422E /* Assets.xcassets */,
				2E01807D1C736F4700DF422E /* LaunchScreen.storyboard */,
				2E0180801C736F4700DF422E /* Info.plist */,
				2E0180781C736F4700DF422E /* Dog_Walk.xcdatamodeld */,
			);
			path = Dog_Walk;
			sourceTree = "<group>";
		};
		2E6D1B331C74C17D001315B5 /* Controller */ = {
			isa = PBXGroup;
			children = (
				2E0180731C736F4700DF422E /* ViewController.swift */,
			);
			name = Controller;
			sourceTree = "<group>";
		};
/* End PBXGroup section */

/* Begin PBXNativeTarget section */
		2E01806D1C736F4700DF422E /* Dog_Walk */ = {
			isa = PBXNativeTarget;
			buildConfigurationList = 2E0180831C736F4700DF422E /* Build configuration list for PBXNativeTarget "Dog_Walk" */;
			buildPhases = (
				2E01806A1C736F4700DF422E /* Sources */,
				2E01806B1C736F4700DF422E /* Frameworks */,
				2E01806C1C736F4700DF422E /* Resources */,
			);
			buildRules = (
			);
			dependencies = (
			);
			name = Dog_Walk;
			productName = Dog_Walk;
			productReference = 2E01806E1C736F4700DF422E /* Dog_Walk.app */;
			productType = "com.apple.product-type.application";
		};
/* End PBXNativeTarget section */

/* Begin PBXProject section */
		2E0180661C736F4700DF422E /* Project object */ = {
			isa = PBXProject;
			attributes = {
				LastSwiftUpdateCheck = 0720;
				LastUpgradeCheck = 0720;
				ORGANIZATIONNAME = "durul dalkanat";
				TargetAttributes = {
					2E01806D1C736F4700DF422E = {
						CreatedOnToolsVersion = 7.2.1;
					};
				};
			};
			buildConfigurationList = 2E0180691C736F4700DF422E /* Build configuration list for PBXProject "Dog_Walk" */;
			compatibilityVersion = "Xcode 3.2";
			developmentRegion = English;
			hasScannedForEncodings = 0;
			knownRegions = (
				en,
				Base,
			);
			mainGroup = 2E0180651C736F4700DF422E;
			productRefGroup = 2E01806F1C736F4700DF422E /* Products */;
			projectDirPath = "";
			projectRoot = "";
			targets = (
				2E01806D1C736F4700DF422E /* Dog_Walk */,
			);
		};
/* End PBXProject section */

/* Begin PBXResourcesBuildPhase section */
		2E01806C1C736F4700DF422E /* Resources */ = {
			isa = PBXResourcesBuildPhase;
			buildActionMask = 2147483647;
			files = (
				2E01807F1C736F4700DF422E /* LaunchScreen.storyboard in Resources */,
				2E01807C1C736F4700DF422E /* Assets.xcassets in Resources */,
				2E0180771C736F4700DF422E /* Main.storyboard in Resources */,
			);
			runOnlyForDeploymentPostprocessing = 0;
		};
/* End PBXResourcesBuildPhase section */

/* Begin PBXSourcesBuildPhase section */
		2E01806A1C736F4700DF422E /* Sources */ = {
			isa = PBXSourcesBuildPhase;
			buildActionMask = 2147483647;
			files = (
				2E01807A1C736F4700DF422E /* Dog_Walk.xcdatamodeld in Sources */,
				2E6D1B311C74C14C001315B5 /* Walk+CoreDataProperties.swift in Sources */,
				2E6D1B2D1C74C13D001315B5 /* Dog+CoreDataProperties.swift in Sources */,
				2E6D1B2E1C74C13D001315B5 /* Dog.swift in Sources */,
				2E6D1B321C74C14C001315B5 /* Walk.swift in Sources */,
				2E0180741C736F4700DF422E /* ViewController.swift in Sources */,
				2E0180721C736F4700DF422E /* AppDelegate.swift in Sources */,
				2E6D1B2A1C74B90C001315B5 /* CoreDataStack.swift in Sources */,
			);
			runOnlyForDeploymentPostprocessing = 0;
		};
/* End PBXSourcesBuildPhase section */

/* Begin PBXVariantGroup section */
		2E0180751C736F4700DF422E /* Main.storyboard */ = {
			isa = PBXVariantGroup;
			children = (
				2E0180761C736F4700DF422E /* Base */,
			);
			name = Main.storyboard;
			sourceTree = "<group>";
		};
		2E01807D1C736F4700DF422E /* LaunchScreen.storyboard */ = {
			isa = PBXVariantGroup;
			children = (
				2E01807E1C736F4700DF422E /* Base */,
			);
			name = LaunchScreen.storyboard;
			sourceTree = "<group>";
		};
/* End PBXVariantGroup section */

/* Begin XCBuildConfiguration section */
		2E0180811C736F4700DF422E /* Debug */ = {
			isa = XCBuildConfiguration;
			buildSettings = {
				ALWAYS_SEARCH_USER_PATHS = NO;
				CLANG_CXX_LANGUAGE_STANDARD = "gnu++0x";
				CLANG_CXX_LIBRARY = "libc++";
				CLANG_ENABLE_MODULES = YES;
				CLANG_ENABLE_OBJC_ARC = YES;
				CLANG_WARN_BOOL_CONVERSION = YES;
				CLANG_WARN_CONSTANT_CONVERSION = YES;
				CLANG_WARN_DIRECT_OBJC_ISA_USAGE = YES_ERROR;
				CLANG_WARN_EMPTY_BODY = YES;
				CLANG_WARN_ENUM_CONVERSION = YES;
				CLANG_WARN_INT_CONVERSION = YES;
				CLANG_WARN_OBJC_ROOT_CLASS = YES_ERROR;
				CLANG_WARN_UNREACHABLE_CODE = YES;
				CLANG_WARN__DUPLICATE_METHOD_MATCH = YES;
				"CODE_SIGN_IDENTITY[sdk=iphoneos*]" = "iPhone Developer";
				COPY_PHASE_STRIP = NO;
				DEBUG_INFORMATION_FORMAT = dwarf;
				ENABLE_STRICT_OBJC_MSGSEND = YES;
				ENABLE_TESTABILITY = YES;
				GCC_C_LANGUAGE_STANDARD = gnu99;
				GCC_DYNAMIC_NO_PIC = NO;
				GCC_NO_COMMON_BLOCKS = YES;
				GCC_OPTIMIZATION_LEVEL = 0;
				GCC_PREPROCESSOR_DEFINITIONS = (
					"DEBUG=1",
					"$(inherited)",
				);
				GCC_WARN_64_TO_32_BIT_CONVERSION = YES;
				GCC_WARN_ABOUT_RETURN_TYPE = YES_ERROR;
				GCC_WARN_UNDECLARED_SELECTOR = YES;
				GCC_WARN_UNINITIALIZED_AUTOS = YES_AGGRESSIVE;
				GCC_WARN_UNUSED_FUNCTION = YES;
				GCC_WARN_UNUSED_VARIABLE = YES;
				IPHONEOS_DEPLOYMENT_TARGET = 9.2;
				MTL_ENABLE_DEBUG_INFO = YES;
				ONLY_ACTIVE_ARCH = YES;
				SDKROOT = iphoneos;
				SWIFT_OPTIMIZATION_LEVEL = "-Onone";
			};
			name = Debug;
		};
		2E0180821C736F4700DF422E /* Release */ = {
			isa = XCBuildConfiguration;
			buildSettings = {
				ALWAYS_SEARCH_USER_PATHS = NO;
				CLANG_CXX_LANGUAGE_STANDARD = "gnu++0x";
				CLANG_CXX_LIBRARY = "libc++";
				CLANG_ENABLE_MODULES = YES;
				CLANG_ENABLE_OBJC_ARC = YES;
				CLANG_WARN_BOOL_CONVERSION = YES;
				CLANG_WARN_CONSTANT_CONVERSION = YES;
				CLANG_WARN_DIRECT_OBJC_ISA_USAGE = YES_ERROR;
				CLANG_WARN_EMPTY_BODY = YES;
				CLANG_WARN_ENUM_CONVERSION = YES;
				CLANG_WARN_INT_CONVERSION = YES;
				CLANG_WARN_OBJC_ROOT_CLASS = YES_ERROR;
				CLANG_WARN_UNREACHABLE_CODE = YES;
				CLANG_WARN__DUPLICATE_METHOD_MATCH = YES;
				"CODE_SIGN_IDENTITY[sdk=iphoneos*]" = "iPhone Developer";
				COPY_PHASE_STRIP = NO;
				DEBUG_INFORMATION_FORMAT = "dwarf-with-dsym";
				ENABLE_NS_ASSERTIONS = NO;
				ENABLE_STRICT_OBJC_MSGSEND = YES;
				GCC_C_LANGUAGE_STANDARD = gnu99;
				GCC_NO_COMMON_BLOCKS = YES;
				GCC_WARN_64_TO_32_BIT_CONVERSION = YES;
				GCC_WARN_ABOUT_RETURN_TYPE = YES_ERROR;
				GCC_WARN_UNDECLARED_SELECTOR = YES;
				GCC_WARN_UNINITIALIZED_AUTOS = YES_AGGRESSIVE;
				GCC_WARN_UNUSED_FUNCTION = YES;
				GCC_WARN_UNUSED_VARIABLE = YES;
				IPHONEOS_DEPLOYMENT_TARGET = 9.2;
				MTL_ENABLE_DEBUG_INFO = NO;
				SDKROOT = iphoneos;
				VALIDATE_PRODUCT = YES;
			};
			name = Release;
		};
		2E0180841C736F4700DF422E /* Debug */ = {
			isa = XCBuildConfiguration;
			buildSettings = {
				ASSETCATALOG_COMPILER_APPICON_NAME = AppIcon;
				INFOPLIST_FILE = Dog_Walk/Info.plist;
				LD_RUNPATH_SEARCH_PATHS = "$(inherited) @executable_path/Frameworks";
				PRODUCT_BUNDLE_IDENTIFIER = "com.durul.Dog-Walk";
				PRODUCT_NAME = "$(TARGET_NAME)";
			};
			name = Debug;
		};
		2E0180851C736F4700DF422E /* Release */ = {
			isa = XCBuildConfiguration;
			buildSettings = {
				ASSETCATALOG_COMPILER_APPICON_NAME = AppIcon;
				INFOPLIST_FILE = Dog_Walk/Info.plist;
				LD_RUNPATH_SEARCH_PATHS = "$(inherited) @executable_path/Frameworks";
				PRODUCT_BUNDLE_IDENTIFIER = "com.durul.Dog-Walk";
				PRODUCT_NAME = "$(TARGET_NAME)";
			};
			name = Release;
		};
/* End XCBuildConfiguration section */

/* Begin XCConfigurationList section */
		2E0180691C736F4700DF422E /* Build configuration list for PBXProject "Dog_Walk" */ = {
			isa = XCConfigurationList;
			buildConfigurations = (
				2E0180811C736F4700DF422E /* Debug */,
				2E0180821C736F4700DF422E /* Release */,
			);
			defaultConfigurationIsVisible = 0;
			defaultConfigurationName = Release;
		};
		2E0180831C736F4700DF422E /* Build configuration list for PBXNativeTarget "Dog_Walk" */ = {
			isa = XCConfigurationList;
			buildConfigurations = (
				2E0180841C736F4700DF422E /* Debug */,
				2E0180851C736F4700DF422E /* Release */,
			);
			defaultConfigurationIsVisible = 0;
			defaultConfigurationName = Release;
		};
/* End XCConfigurationList section */

/* Begin XCVersionGroup section */
		2E0180781C736F4700DF422E /* Dog_Walk.xcdatamodeld */ = {
			isa = XCVersionGroup;
			children = (
				2E0180791C736F4700DF422E /* Dog_Walk.xcdatamodel */,
			);
			currentVersion = 2E0180791C736F4700DF422E /* Dog_Walk.xcdatamodel */;
			path = Dog_Walk.xcdatamodeld;
			sourceTree = "<group>";
			versionGroupType = wrapper.xcdatamodel;
		};
/* End XCVersionGroup section */
	};
	rootObject = 2E0180661C736F4700DF422E /* Project object */;
}
